
Microsoft Visual Studio Solution File, Format Version 12.00
Project("{FAE04EC0-301F-11D3-BF4B-00C04F79EFBC}") = "CompanyEmployees", "CompanyEmployees\CompanyEmployees.csproj", "{2C509BE3-3A14-4958-9572-16728238584C}"
EndProject
Project("{FAE04EC0-301F-11D3-BF4B-00C04F79EFBC}") = "Contracts", "Contracts\Contracts.csproj", "{F70BD100-B994-45C3-BCF6-98CEA6CD2BD8}"
EndProject
Project("{FAE04EC0-301F-11D3-BF4B-00C04F79EFBC}") = "LoggerService", "LoggerService\LoggerService.csproj", "{CF93A3EA-F11D-4464-A6B7-268C739F2378}"
EndProject
Project("{FAE04EC0-301F-11D3-BF4B-00C04F79EFBC}") = "Entities", "Entities\Entities.csproj", "{AEF2C753-6F15-4684-A6DF-3D8961F91A7C}"
EndProject
Project("{FAE04EC0-301F-11D3-BF4B-00C04F79EFBC}") = "Repository", "Repository\Repository.csproj", "{B04041CF-AC43-43C1-A958-B9A70705C557}"
EndProject
Project("{FAE04EC0-301F-11D3-BF4B-00C04F79EFBC}") = "Service.Contracts", "Service.Contracts\Service.Contracts.csproj", "{87863970-B6E2-490C-B751-A59506E55A14}"
EndProject
Project("{FAE04EC0-301F-11D3-BF4B-00C04F79EFBC}") = "Service", "Service\Service.csproj", "{DBEEAAD1-D475-4602-A413-EF47884C799A}"
EndProject
Project("{FAE04EC0-301F-11D3-BF4B-00C04F79EFBC}") = "CompanyEmployees.Presentation", "CompanyEmployees.Presentation\CompanyEmployees.Presentation.csproj", "{B01A1833-AF90-4490-85B4-0D0C3AC96682}"
EndProject
Project("{FAE04EC0-301F-11D3-BF4B-00C04F79EFBC}") = "Shared", "Shared\Shared.csproj", "{E99CFD8F-4ED8-4F88-9C59-E61A7D80B040}"
EndProject
Global
	GlobalSection(SolutionConfigurationPlatforms) = preSolution
		Debug|Any CPU = Debug|Any CPU
		Release|Any CPU = Release|Any CPU
	EndGlobalSection
	GlobalSection(ProjectConfigurationPlatforms) = postSolution
		{2C509BE3-3A14-4958-9572-16728238584C}.Debug|Any CPU.ActiveCfg = Debug|Any CPU
		{2C509BE3-3A14-4958-9572-16728238584C}.Debug|Any CPU.Build.0 = Debug|Any CPU
		{2C509BE3-3A14-4958-9572-16728238584C}.Release|Any CPU.ActiveCfg = Release|Any CPU
		{2C509BE3-3A14-4958-9572-16728238584C}.Release|Any CPU.Build.0 = Release|Any CPU
		{F70BD100-B994-45C3-BCF6-98CEA6CD2BD8}.Debug|Any CPU.ActiveCfg = Debug|Any CPU
		{F70BD100-B994-45C3-BCF6-98CEA6CD2BD8}.Debug|Any CPU.Build.0 = Debug|Any CPU
		{F70BD100-B994-45C3-BCF6-98CEA6CD2BD8}.Release|Any CPU.ActiveCfg = Release|Any CPU
		{F70BD100-B994-45C3-BCF6-98CEA6CD2BD8}.Release|Any CPU.Build.0 = Release|Any CPU
		{CF93A3EA-F11D-4464-A6B7-268C739F2378}.Debug|Any CPU.ActiveCfg = Debug|Any CPU
		{CF93A3EA-F11D-4464-A6B7-268C739F2378}.Debug|Any CPU.Build.0 = Debug|Any CPU
		{CF93A3EA-F11D-4464-A6B7-268C739F2378}.Release|Any CPU.ActiveCfg = Release|Any CPU
		{CF93A3EA-F11D-4464-A6B7-268C739F2378}.Release|Any CPU.Build.0 = Release|Any CPU
		{AEF2C753-6F15-4684-A6DF-3D8961F91A7C}.Debug|Any CPU.ActiveCfg = Debug|Any CPU
		{AEF2C753-6F15-4684-A6DF-3D8961F91A7C}.Debug|Any CPU.Build.0 = Debug|Any CPU
		{AEF2C753-6F15-4684-A6DF-3D8961F91A7C}.Release|Any CPU.ActiveCfg = Release|Any CPU
		{AEF2C753-6F15-4684-A6DF-3D8961F91A7C}.Release|Any CPU.Build.0 = Release|Any CPU
		{B04041CF-AC43-43C1-A958-B9A70705C557}.Debug|Any CPU.ActiveCfg = Debug|Any CPU
		{B04041CF-AC43-43C1-A958-B9A70705C557}.Debug|Any CPU.Build.0 = Debug|Any CPU
		{B04041CF-AC43-43C1-A958-B9A70705C557}.Release|Any CPU.ActiveCfg = Release|Any CPU
		{B04041CF-AC43-43C1-A958-B9A70705C557}.Release|Any CPU.Build.0 = Release|Any CPU
		{87863970-B6E2-490C-B751-A59506E55A14}.Debug|Any CPU.ActiveCfg = Debug|Any CPU
		{87863970-B6E2-490C-B751-A59506E55A14}.Debug|Any CPU.Build.0 = Debug|Any CPU
		{87863970-B6E2-490C-B751-A59506E55A14}.Release|Any CPU.ActiveCfg = Release|Any CPU
		{87863970-B6E2-490C-B751-A59506E55A14}.Release|Any CPU.Build.0 = Release|Any CPU
		{DBEEAAD1-D475-4602-A413-EF47884C799A}.Debug|Any CPU.ActiveCfg = Debug|Any CPU
		{DBEEAAD1-D475-4602-A413-EF47884C799A}.Debug|Any CPU.Build.0 = Debug|Any CPU
		{DBEEAAD1-D475-4602-A413-EF47884C799A}.Release|Any CPU.ActiveCfg = Release|Any CPU
		{DBEEAAD1-D475-4602-A413-EF47884C799A}.Release|Any CPU.Build.0 = Release|Any CPU
		{B01A1833-AF90-4490-85B4-0D0C3AC96682}.Debug|Any CPU.ActiveCfg = Debug|Any CPU
		{B01A1833-AF90-4490-85B4-0D0C3AC96682}.Debug|Any CPU.Build.0 = Debug|Any CPU
		{B01A1833-AF90-4490-85B4-0D0C3AC96682}.Release|Any CPU.ActiveCfg = Release|Any CPU
		{B01A1833-AF90-4490-85B4-0D0C3AC96682}.Release|Any CPU.Build.0 = Release|Any CPU
		{E99CFD8F-4ED8-4F88-9C59-E61A7D80B040}.Debug|Any CPU.ActiveCfg = Debug|Any CPU
		{E99CFD8F-4ED8-4F88-9C59-E61A7D80B040}.Debug|Any CPU.Build.0 = Debug|Any CPU
		{E99CFD8F-4ED8-4F88-9C59-E61A7D80B040}.Release|Any CPU.ActiveCfg = Release|Any CPU
		{E99CFD8F-4ED8-4F88-9C59-E61A7D80B040}.Release|Any CPU.Build.0 = Release|Any CPU
	EndGlobalSection
EndGlobal
